
Microsoft Visual Studio Solution File, Format Version 12.00
# Visual Studio 15
VisualStudioVersion = 15.0.27130.2020
MinimumVisualStudioVersion = 10.0.40219.1
Project("{FAE04EC0-301F-11D3-BF4B-00C04F79EFBC}") = "bcryptCsharpTestApp", "bcryptCsharpTestApp\bcryptCsharpTestApp.csproj", "{A91396DC-D861-44CF-BAAD-B95C6FB08017}"
EndProject
Project("{2150E333-8FDC-42A3-9474-1A3956D46DE8}") = "Solution Items", "Solution Items", "{8A8F20D2-839B-421F-BB0A-11B8F3630D44}"
	ProjectSection(SolutionItems) = preProject
		README.md = README.md
	EndProjectSection
EndProject
Global
	GlobalSection(SolutionConfigurationPlatforms) = preSolution
		Debug|Any CPU = Debug|Any CPU
		Release|Any CPU = Release|Any CPU
	EndGlobalSection
	GlobalSection(ProjectConfigurationPlatforms) = postSolution
		{A91396DC-D861-44CF-BAAD-B95C6FB08017}.Debug|Any CPU.ActiveCfg = Debug|Any CPU
		{A91396DC-D861-44CF-BAAD-B95C6FB08017}.Debug|Any CPU.Build.0 = Debug|Any CPU
		{A91396DC-D861-44CF-BAAD-B95C6FB08017}.Release|Any CPU.ActiveCfg = Release|Any CPU
		{A91396DC-D861-44CF-BAAD-B95C6FB08017}.Release|Any CPU.Build.0 = Release|Any CPU
	EndGlobalSection
	GlobalSection(SolutionProperties) = preSolution
		HideSolutionNode = FALSE
	EndGlobalSection
	GlobalSection(ExtensibilityGlobals) = postSolution
		SolutionGuid = {865CC695-AC04-43DC-8977-74680A3724F5}
	EndGlobalSection
EndGlobal
